
Microsoft Visual Studio Solution File, Format Version 12.00
# Visual Studio Version 17
VisualStudioVersion = 17.13.35806.99 d17.13
MinimumVisualStudioVersion = 10.0.40219.1
Project("{FAE04EC0-301F-11D3-BF4B-00C04F79EFBC}") = "Celsius to F", "Celsius to F\Celsius to F.csproj", "{380342D6-2532-43C2-A90E-53AC7A0EEE2A}"
EndProject
Global
	GlobalSection(SolutionConfigurationPlatforms) = preSolution
		Debug|Any CPU = Debug|Any CPU
		Release|Any CPU = Release|Any CPU
	EndGlobalSection
	GlobalSection(ProjectConfigurationPlatforms) = postSolution
		{380342D6-2532-43C2-A90E-53AC7A0EEE2A}.Debug|Any CPU.ActiveCfg = Debug|Any CPU
		{380342D6-2532-43C2-A90E-53AC7A0EEE2A}.Debug|Any CPU.Build.0 = Debug|Any CPU
		{380342D6-2532-43C2-A90E-53AC7A0EEE2A}.Release|Any CPU.ActiveCfg = Release|Any CPU
		{380342D6-2532-43C2-A90E-53AC7A0EEE2A}.Release|Any CPU.Build.0 = Release|Any CPU
	EndGlobalSection
	GlobalSection(SolutionProperties) = preSolution
		HideSolutionNode = FALSE
	EndGlobalSection
	GlobalSection(ExtensibilityGlobals) = postSolution
		SolutionGuid = {176D6A34-D8FA-483B-911B-A58E75600E40}
	EndGlobalSection
EndGlobal
