
Microsoft Visual Studio Solution File, Format Version 12.00
# Visual Studio Version 17
VisualStudioVersion = 17.13.35806.99 d17.13
MinimumVisualStudioVersion = 10.0.40219.1
Project("{FAE04EC0-301F-11D3-BF4B-00C04F79EFBC}") = "Capital -Small Letter Program", "Capital -Small Letter Program\Capital -Small Letter Program.csproj", "{2EDB4883-2CD9-4ACA-8BE5-AE4794E31845}"
EndProject
Global
	GlobalSection(SolutionConfigurationPlatforms) = preSolution
		Debug|Any CPU = Debug|Any CPU
		Release|Any CPU = Release|Any CPU
	EndGlobalSection
	GlobalSection(ProjectConfigurationPlatforms) = postSolution
		{2EDB4883-2CD9-4ACA-8BE5-AE4794E31845}.Debug|Any CPU.ActiveCfg = Debug|Any CPU
		{2EDB4883-2CD9-4ACA-8BE5-AE4794E31845}.Debug|Any CPU.Build.0 = Debug|Any CPU
		{2EDB4883-2CD9-4ACA-8BE5-AE4794E31845}.Release|Any CPU.ActiveCfg = Release|Any CPU
		{2EDB4883-2CD9-4ACA-8BE5-AE4794E31845}.Release|Any CPU.Build.0 = Release|Any CPU
	EndGlobalSection
	GlobalSection(SolutionProperties) = preSolution
		HideSolutionNode = FALSE
	EndGlobalSection
	GlobalSection(ExtensibilityGlobals) = postSolution
		SolutionGuid = {1140BAF9-DA0B-4148-8663-EBF080600C75}
	EndGlobalSection
EndGlobal
