
Microsoft Visual Studio Solution File, Format Version 12.00
# Visual Studio Version 17
VisualStudioVersion = 17.13.35806.99 d17.13
MinimumVisualStudioVersion = 10.0.40219.1
Project("{FAE04EC0-301F-11D3-BF4B-00C04F79EFBC}") = "Unary Operators", "Unary Operators\Unary Operators.csproj", "{06CDF780-A3E7-48D3-BDFC-DC2B62B76D74}"
EndProject
Global
	GlobalSection(SolutionConfigurationPlatforms) = preSolution
		Debug|Any CPU = Debug|Any CPU
		Release|Any CPU = Release|Any CPU
	EndGlobalSection
	GlobalSection(ProjectConfigurationPlatforms) = postSolution
		{06CDF780-A3E7-48D3-BDFC-DC2B62B76D74}.Debug|Any CPU.ActiveCfg = Debug|Any CPU
		{06CDF780-A3E7-48D3-BDFC-DC2B62B76D74}.Debug|Any CPU.Build.0 = Debug|Any CPU
		{06CDF780-A3E7-48D3-BDFC-DC2B62B76D74}.Release|Any CPU.ActiveCfg = Release|Any CPU
		{06CDF780-A3E7-48D3-BDFC-DC2B62B76D74}.Release|Any CPU.Build.0 = Release|Any CPU
	EndGlobalSection
	GlobalSection(SolutionProperties) = preSolution
		HideSolutionNode = FALSE
	EndGlobalSection
	GlobalSection(ExtensibilityGlobals) = postSolution
		SolutionGuid = {4134E6EE-048B-41C5-B673-40A17DDE2676}
	EndGlobalSection
EndGlobal
