
Microsoft Visual Studio Solution File, Format Version 12.00
# Visual Studio Version 17
VisualStudioVersion = 17.13.35806.99 d17.13
MinimumVisualStudioVersion = 10.0.40219.1
Project("{FAE04EC0-301F-11D3-BF4B-00C04F79EFBC}") = "Weekday or Weekend", "Weekday or Weekend\Weekday or Weekend.csproj", "{188C18D8-D416-4676-9FFF-D3FB30133136}"
EndProject
Global
	GlobalSection(SolutionConfigurationPlatforms) = preSolution
		Debug|Any CPU = Debug|Any CPU
		Release|Any CPU = Release|Any CPU
	EndGlobalSection
	GlobalSection(ProjectConfigurationPlatforms) = postSolution
		{188C18D8-D416-4676-9FFF-D3FB30133136}.Debug|Any CPU.ActiveCfg = Debug|Any CPU
		{188C18D8-D416-4676-9FFF-D3FB30133136}.Debug|Any CPU.Build.0 = Debug|Any CPU
		{188C18D8-D416-4676-9FFF-D3FB30133136}.Release|Any CPU.ActiveCfg = Release|Any CPU
		{188C18D8-D416-4676-9FFF-D3FB30133136}.Release|Any CPU.Build.0 = Release|Any CPU
	EndGlobalSection
	GlobalSection(SolutionProperties) = preSolution
		HideSolutionNode = FALSE
	EndGlobalSection
	GlobalSection(ExtensibilityGlobals) = postSolution
		SolutionGuid = {2184A695-68A3-4854-B232-C49B3EDEAE49}
	EndGlobalSection
EndGlobal
